// !$*UTF8*$!
{
	archiveVersion = 1;
	classes = {
	};
	objectVersion = 50;
	objects = {

/* Begin PBXBuildFile section */
		45A05C512625DAC100E97796 /* AppDelegate.swift in Sources */ = {isa = PBXBuildFile; fileRef = 45A05C502625DAC100E97796 /* AppDelegate.swift */; };
		45A05C532625DAC100E97796 /* SceneDelegate.swift in Sources */ = {isa = PBXBuildFile; fileRef = 45A05C522625DAC100E97796 /* SceneDelegate.swift */; };
		45A05C552625DAC100E97796 /* ViewController.swift in Sources */ = {isa = PBXBuildFile; fileRef = 45A05C542625DAC100E97796 /* ViewController.swift */; };
		45A05C582625DAC100E97796 /* Main.storyboard in Resources */ = {isa = PBXBuildFile; fileRef = 45A05C562625DAC100E97796 /* Main.storyboard */; };
		45A05C5B2625DAC100E97796 /* Final_Project_App.xcdatamodeld in Sources */ = {isa = PBXBuildFile; fileRef = 45A05C592625DAC100E97796 /* Final_Project_App.xcdatamodeld */; };
		45A05C5D2625DAC200E97796 /* Assets.xcassets in Resources */ = {isa = PBXBuildFile; fileRef = 45A05C5C2625DAC200E97796 /* Assets.xcassets */; };
		45A05C602625DAC200E97796 /* LaunchScreen.storyboard in Resources */ = {isa = PBXBuildFile; fileRef = 45A05C5E2625DAC200E97796 /* LaunchScreen.storyboard */; };
		45A05C6B2625DAC200E97796 /* Final_Project_AppTests.swift in Sources */ = {isa = PBXBuildFile; fileRef = 45A05C6A2625DAC200E97796 /* Final_Project_AppTests.swift */; };
		45A05C762625DAC200E97796 /* Final_Project_AppUITests.swift in Sources */ = {isa = PBXBuildFile; fileRef = 45A05C752625DAC200E97796 /* Final_Project_AppUITests.swift */; };
/* End PBXBuildFile section */

/* Begin PBXContainerItemProxy section */
		45A05C672625DAC200E97796 /* PBXContainerItemProxy */ = {
			isa = PBXContainerItemProxy;
			containerPortal = 45A05C452625DAC100E97796 /* Project object */;
			proxyType = 1;
			remoteGlobalIDString = 45A05C4C2625DAC100E97796;
			remoteInfo = Final_Project_App;
		};
		45A05C722625DAC200E97796 /* PBXContainerItemProxy */ = {
			isa = PBXContainerItemProxy;
			containerPortal = 45A05C452625DAC100E97796 /* Project object */;
			proxyType = 1;
			remoteGlobalIDString = 45A05C4C2625DAC100E97796;
			remoteInfo = Final_Project_App;
		};
/* End PBXContainerItemProxy section */

/* Begin PBXFileReference section */
		45A05C4D2625DAC100E97796 /* Final_Project_App.app */ = {isa = PBXFileReference; explicitFileType = wrapper.application; includeInIndex = 0; path = Final_Project_App.app; sourceTree = BUILT_PRODUCTS_DIR; };
		45A05C502625DAC100E97796 /* AppDelegate.swift */ = {isa = PBXFileReference; lastKnownFileType = sourcecode.swift; path = AppDelegate.swift; sourceTree = "<group>"; };
		45A05C522625DAC100E97796 /* SceneDelegate.swift */ = {isa = PBXFileReference; lastKnownFileType = sourcecode.swift; path = SceneDelegate.swift; sourceTree = "<group>"; };
		45A05C542625DAC100E97796 /* ViewController.swift */ = {isa = PBXFileReference; lastKnownFileType = sourcecode.swift; path = ViewController.swift; sourceTree = "<group>"; };
		45A05C572625DAC100E97796 /* Base */ = {isa = PBXFileReference; lastKnownFileType = file.storyboard; name = Base; path = Base.lproj/Main.storyboard; sourceTree = "<group>"; };
		45A05C5A2625DAC100E97796 /* Final_Project_App.xcdatamodel */ = {isa = PBXFileReference; lastKnownFileType = wrapper.xcdatamodel; path = Final_Project_App.xcdatamodel; sourceTree = "<group>"; };
		45A05C5C2625DAC200E97796 /* Assets.xcassets */ = {isa = PBXFileReference; lastKnownFileType = folder.assetcatalog; path = Assets.xcassets; sourceTree = "<group>"; };
		45A05C5F2625DAC200E97796 /* Base */ = {isa = PBXFileReference; lastKnownFileType = file.storyboard; name = Base; path = Base.lproj/LaunchScreen.storyboard; sourceTree = "<group>"; };
		45A05C612625DAC200E97796 /* Info.plist */ = {isa = PBXFileReference; lastKnownFileType = text.plist.xml; path = Info.plist; sourceTree = "<group>"; };
		45A05C662625DAC200E97796 /* Final_Project_AppTests.xctest */ = {isa = PBXFileReference; explicitFileType = wrapper.cfbundle; includeInIndex = 0; path = Final_Project_AppTests.xctest; sourceTree = BUILT_PRODUCTS_DIR; };
		45A05C6A2625DAC200E97796 /* Final_Project_AppTests.swift */ = {isa = PBXFileReference; lastKnownFileType = sourcecode.swift; path = Final_Project_AppTests.swift; sourceTree = "<group>"; };
		45A05C6C2625DAC200E97796 /* Info.plist */ = {isa = PBXFileReference; lastKnownFileType = text.plist.xml; path = Info.plist; sourceTree = "<group>"; };
		45A05C712625DAC200E97796 /* Final_Project_AppUITests.xctest */ = {isa = PBXFileReference; explicitFileType = wrapper.cfbundle; includeInIndex = 0; path = Final_Project_AppUITests.xctest; sourceTree = BUILT_PRODUCTS_DIR; };
		45A05C752625DAC200E97796 /* Final_Project_AppUITests.swift */ = {isa = PBXFileReference; lastKnownFileType = sourcecode.swift; path = Final_Project_AppUITests.swift; sourceTree = "<group>"; };
		45A05C772625DAC200E97796 /* Info.plist */ = {isa = PBXFileReference; lastKnownFileType = text.plist.xml; path = Info.plist; sourceTree = "<group>"; };
/* End PBXFileReference section */

/* Begin PBXFrameworksBuildPhase section */
		45A05C4A2625DAC100E97796 /* Frameworks */ = {
			isa = PBXFrameworksBuildPhase;
			buildActionMask = 2147483647;
			files = (
			);
			runOnlyForDeploymentPostprocessing = 0;
		};
		45A05C632625DAC200E97796 /* Frameworks */ = {
			isa = PBXFrameworksBuildPhase;
			buildActionMask = 2147483647;
			files = (
			);
			runOnlyForDeploymentPostprocessing = 0;
		};
		45A05C6E2625DAC200E97796 /* Frameworks */ = {
			isa = PBXFrameworksBuildPhase;
			buildActionMask = 2147483647;
			files = (
			);
			runOnlyForDeploymentPostprocessing = 0;
		};
/* End PBXFrameworksBuildPhase section */

/* Begin PBXGroup section */
		45A05C442625DAC100E97796 = {
			isa = PBXGroup;
			children = (
				45A05C4F2625DAC100E97796 /* Final_Project_App */,
				45A05C692625DAC200E97796 /* Final_Project_AppTests */,
				45A05C742625DAC200E97796 /* Final_Project_AppUITests */,
				45A05C4E2625DAC100E97796 /* Products */,
			);
			sourceTree = "<group>";
		};
		45A05C4E2625DAC100E97796 /* Products */ = {
			isa = PBXGroup;
			children = (
				45A05C4D2625DAC100E97796 /* Final_Project_App.app */,
				45A05C662625DAC200E97796 /* Final_Project_AppTests.xctest */,
				45A05C712625DAC200E97796 /* Final_Project_AppUITests.xctest */,
			);
			name = Products;
			sourceTree = "<group>";
		};
		45A05C4F2625DAC100E97796 /* Final_Project_App */ = {
			isa = PBXGroup;
			children = (
				45A05C502625DAC100E97796 /* AppDelegate.swift */,
				45A05C522625DAC100E97796 /* SceneDelegate.swift */,
				45A05C542625DAC100E97796 /* ViewController.swift */,
				45A05C562625DAC100E97796 /* Main.storyboard */,
				45A05C5C2625DAC200E97796 /* Assets.xcassets */,
				45A05C5E2625DAC200E97796 /* LaunchScreen.storyboard */,
				45A05C612625DAC200E97796 /* Info.plist */,
				45A05C592625DAC100E97796 /* Final_Project_App.xcdatamodeld */,
			);
			path = Final_Project_App;
			sourceTree = "<group>";
		};
		45A05C692625DAC200E97796 /* Final_Project_AppTests */ = {
			isa = PBXGroup;
			children = (
				45A05C6A2625DAC200E97796 /* Final_Project_AppTests.swift */,
				45A05C6C2625DAC200E97796 /* Info.plist */,
			);
			path = Final_Project_AppTests;
			sourceTree = "<group>";
		};
		45A05C742625DAC200E97796 /* Final_Project_AppUITests */ = {
			isa = PBXGroup;
			children = (
				45A05C752625DAC200E97796 /* Final_Project_AppUITests.swift */,
				45A05C772625DAC200E97796 /* Info.plist */,
			);
			path = Final_Project_AppUITests;
			sourceTree = "<group>";
		};
/* End PBXGroup section */

/* Begin PBXNativeTarget section */
		45A05C4C2625DAC100E97796 /* Final_Project_App */ = {
			isa = PBXNativeTarget;
			buildConfigurationList = 45A05C7A2625DAC200E97796 /* Build configuration list for PBXNativeTarget "Final_Project_App" */;
			buildPhases = (
				45A05C492625DAC100E97796 /* Sources */,
				45A05C4A2625DAC100E97796 /* Frameworks */,
				45A05C4B2625DAC100E97796 /* Resources */,
			);
			buildRules = (
			);
			dependencies = (
			);
			name = Final_Project_App;
			productName = Final_Project_App;
			productReference = 45A05C4D2625DAC100E97796 /* Final_Project_App.app */;
			productType = "com.apple.product-type.application";
		};
		45A05C652625DAC200E97796 /* Final_Project_AppTests */ = {
			isa = PBXNativeTarget;
			buildConfigurationList = 45A05C7D2625DAC200E97796 /* Build configuration list for PBXNativeTarget "Final_Project_AppTests" */;
			buildPhases = (
				45A05C622625DAC200E97796 /* Sources */,
				45A05C632625DAC200E97796 /* Frameworks */,
				45A05C642625DAC200E97796 /* Resources */,
			);
			buildRules = (
			);
			dependencies = (
				45A05C682625DAC200E97796 /* PBXTargetDependency */,
			);
			name = Final_Project_AppTests;
			productName = Final_Project_AppTests;
			productReference = 45A05C662625DAC200E97796 /* Final_Project_AppTests.xctest */;
			productType = "com.apple.product-type.bundle.unit-test";
		};
		45A05C702625DAC200E97796 /* Final_Project_AppUITests */ = {
			isa = PBXNativeTarget;
			buildConfigurationList = 45A05C802625DAC200E97796 /* Build configuration list for PBXNativeTarget "Final_Project_AppUITests" */;
			buildPhases = (
				45A05C6D2625DAC200E97796 /* Sources */,
				45A05C6E2625DAC200E97796 /* Frameworks */,
				45A05C6F2625DAC200E97796 /* Resources */,
			);
			buildRules = (
			);
			dependencies = (
				45A05C732625DAC200E97796 /* PBXTargetDependency */,
			);
			name = Final_Project_AppUITests;
			productName = Final_Project_AppUITests;
			productReference = 45A05C712625DAC200E97796 /* Final_Project_AppUITests.xctest */;
			productType = "com.apple.product-type.bundle.ui-testing";
		};
/* End PBXNativeTarget section */

/* Begin PBXProject section */
		45A05C452625DAC100E97796 /* Project object */ = {
			isa = PBXProject;
			attributes = {
				LastSwiftUpdateCheck = 1150;
				LastUpgradeCheck = 1150;
				ORGANIZATIONNAME = TTN;
				TargetAttributes = {
					45A05C4C2625DAC100E97796 = {
						CreatedOnToolsVersion = 11.5;
					};
					45A05C652625DAC200E97796 = {
						CreatedOnToolsVersion = 11.5;
						TestTargetID = 45A05C4C2625DAC100E97796;
					};
					45A05C702625DAC200E97796 = {
						CreatedOnToolsVersion = 11.5;
						TestTargetID = 45A05C4C2625DAC100E97796;
					};
				};
			};
			buildConfigurationList = 45A05C482625DAC100E97796 /* Build configuration list for PBXProject "Final_Project_App" */;
			compatibilityVersion = "Xcode 9.3";
			developmentRegion = en;
			hasScannedForEncodings = 0;
			knownRegions = (
				en,
				Base,
			);
			mainGroup = 45A05C442625DAC100E97796;
			productRefGroup = 45A05C4E2625DAC100E97796 /* Products */;
			projectDirPath = "";
			projectRoot = "";
			targets = (
				45A05C4C2625DAC100E97796 /* Final_Project_App */,
				45A05C652625DAC200E97796 /* Final_Project_AppTests */,
				45A05C702625DAC200E97796 /* Final_Project_AppUITests */,
			);
		};
/* End PBXProject section */

/* Begin PBXResourcesBuildPhase section */
		45A05C4B2625DAC100E97796 /* Resources */ = {
			isa = PBXResourcesBuildPhase;
			buildActionMask = 2147483647;
			files = (
				45A05C602625DAC200E97796 /* LaunchScreen.storyboard in Resources */,
				45A05C5D2625DAC200E97796 /* Assets.xcassets in Resources */,
				45A05C582625DAC100E97796 /* Main.storyboard in Resources */,
			);
			runOnlyForDeploymentPostprocessing = 0;
		};
		45A05C642625DAC200E97796 /* Resources */ = {
			isa = PBXResourcesBuildPhase;
			buildActionMask = 2147483647;
			files = (
			);
			runOnlyForDeploymentPostprocessing = 0;
		};
		45A05C6F2625DAC200E97796 /* Resources */ = {
			isa = PBXResourcesBuildPhase;
			buildActionMask = 2147483647;
			files = (
			);
			runOnlyForDeploymentPostprocessing = 0;
		};
/* End PBXResourcesBuildPhase section */

/* Begin PBXSourcesBuildPhase section */
		45A05C492625DAC100E97796 /* Sources */ = {
			isa = PBXSourcesBuildPhase;
			buildActionMask = 2147483647;
			files = (
				45A05C552625DAC100E97796 /* ViewController.swift in Sources */,
				45A05C512625DAC100E97796 /* AppDelegate.swift in Sources */,
				45A05C5B2625DAC100E97796 /* Final_Project_App.xcdatamodeld in Sources */,
				45A05C532625DAC100E97796 /* SceneDelegate.swift in Sources */,
			);
			runOnlyForDeploymentPostprocessing = 0;
		};
		45A05C622625DAC200E97796 /* Sources */ = {
			isa = PBXSourcesBuildPhase;
			buildActionMask = 2147483647;
			files = (
				45A05C6B2625DAC200E97796 /* Final_Project_AppTests.swift in Sources */,
			);
			runOnlyForDeploymentPostprocessing = 0;
		};
		45A05C6D2625DAC200E97796 /* Sources */ = {
			isa = PBXSourcesBuildPhase;
			buildActionMask = 2147483647;
			files = (
				45A05C762625DAC200E97796 /* Final_Project_AppUITests.swift in Sources */,
			);
			runOnlyForDeploymentPostprocessing = 0;
		};
/* End PBXSourcesBuildPhase section */

/* Begin PBXTargetDependency section */
		45A05C682625DAC200E97796 /* PBXTargetDependency */ = {
			isa = PBXTargetDependency;
			target = 45A05C4C2625DAC100E97796 /* Final_Project_App */;
			targetProxy = 45A05C672625DAC200E97796 /* PBXContainerItemProxy */;
		};
		45A05C732625DAC200E97796 /* PBXTargetDependency */ = {
			isa = PBXTargetDependency;
			target = 45A05C4C2625DAC100E97796 /* Final_Project_App */;
			targetProxy = 45A05C722625DAC200E97796 /* PBXContainerItemProxy */;
		};
/* End PBXTargetDependency section */

/* Begin PBXVariantGroup section */
		45A05C562625DAC100E97796 /* Main.storyboard */ = {
			isa = PBXVariantGroup;
			children = (
				45A05C572625DAC100E97796 /* Base */,
			);
			name = Main.storyboard;
			sourceTree = "<group>";
		};
		45A05C5E2625DAC200E97796 /* LaunchScreen.storyboard */ = {
			isa = PBXVariantGroup;
			children = (
				45A05C5F2625DAC200E97796 /* Base */,
			);
			name = LaunchScreen.storyboard;
			sourceTree = "<group>";
		};
/* End PBXVariantGroup section */

/* Begin XCBuildConfiguration section */
		45A05C782625DAC200E97796 /* Debug */ = {
			isa = XCBuildConfiguration;
			buildSettings = {
				ALWAYS_SEARCH_USER_PATHS = NO;
				CLANG_ANALYZER_NONNULL = YES;
				CLANG_ANALYZER_NUMBER_OBJECT_CONVERSION = YES_AGGRESSIVE;
				CLANG_CXX_LANGUAGE_STANDARD = "gnu++14";
				CLANG_CXX_LIBRARY = "libc++";
				CLANG_ENABLE_MODULES = YES;
				CLANG_ENABLE_OBJC_ARC = YES;
				CLANG_ENABLE_OBJC_WEAK = YES;
				CLANG_WARN_BLOCK_CAPTURE_AUTORELEASING = YES;
				CLANG_WARN_BOOL_CONVERSION = YES;
				CLANG_WARN_COMMA = YES;
				CLANG_WARN_CONSTANT_CONVERSION = YES;
				CLANG_WARN_DEPRECATED_OBJC_IMPLEMENTATIONS = YES;
				CLANG_WARN_DIRECT_OBJC_ISA_USAGE = YES_ERROR;
				CLANG_WARN_DOCUMENTATION_COMMENTS = YES;
				CLANG_WARN_EMPTY_BODY = YES;
				CLANG_WARN_ENUM_CONVERSION = YES;
				CLANG_WARN_INFINITE_RECURSION = YES;
				CLANG_WARN_INT_CONVERSION = YES;
				CLANG_WARN_NON_LITERAL_NULL_CONVERSION = YES;
				CLANG_WARN_OBJC_IMPLICIT_RETAIN_SELF = YES;
				CLANG_WARN_OBJC_LITERAL_CONVERSION = YES;
				CLANG_WARN_OBJC_ROOT_CLASS = YES_ERROR;
				CLANG_WARN_RANGE_LOOP_ANALYSIS = YES;
				CLANG_WARN_STRICT_PROTOTYPES = YES;
				CLANG_WARN_SUSPICIOUS_MOVE = YES;
				CLANG_WARN_UNGUARDED_AVAILABILITY = YES_AGGRESSIVE;
				CLANG_WARN_UNREACHABLE_CODE = YES;
				CLANG_WARN__DUPLICATE_METHOD_MATCH = YES;
				COPY_PHASE_STRIP = NO;
				DEBUG_INFORMATION_FORMAT = dwarf;
				ENABLE_STRICT_OBJC_MSGSEND = YES;
				ENABLE_TESTABILITY = YES;
				GCC_C_LANGUAGE_STANDARD = gnu11;
				GCC_DYNAMIC_NO_PIC = NO;
				GCC_NO_COMMON_BLOCKS = YES;
				GCC_OPTIMIZATION_LEVEL = 0;
				GCC_PREPROCESSOR_DEFINITIONS = (
					"DEBUG=1",
					"$(inherited)",
				);
				GCC_WARN_64_TO_32_BIT_CONVERSION = YES;
				GCC_WARN_ABOUT_RETURN_TYPE = YES_ERROR;
				GCC_WARN_UNDECLARED_SELECTOR = YES;
				GCC_WARN_UNINITIALIZED_AUTOS = YES_AGGRESSIVE;
				GCC_WARN_UNUSED_FUNCTION = YES;
				GCC_WARN_UNUSED_VARIABLE = YES;
				IPHONEOS_DEPLOYMENT_TARGET = 13.5;
				MTL_ENABLE_DEBUG_INFO = INCLUDE_SOURCE;
				MTL_FAST_MATH = YES;
				ONLY_ACTIVE_ARCH = YES;
				SDKROOT = iphoneos;
				SWIFT_ACTIVE_COMPILATION_CONDITIONS = DEBUG;
				SWIFT_OPTIMIZATION_LEVEL = "-Onone";
			};
			name = Debug;
		};
		45A05C792625DAC200E97796 /* Release */ = {
			isa = XCBuildConfiguration;
			buildSettings = {
				ALWAYS_SEARCH_USER_PATHS = NO;
				CLANG_ANALYZER_NONNULL = YES;
				CLANG_ANALYZER_NUMBER_OBJECT_CONVERSION = YES_AGGRESSIVE;
				CLANG_CXX_LANGUAGE_STANDARD = "gnu++14";
				CLANG_CXX_LIBRARY = "libc++";
				CLANG_ENABLE_MODULES = YES;
				CLANG_ENABLE_OBJC_ARC = YES;
				CLANG_ENABLE_OBJC_WEAK = YES;
				CLANG_WARN_BLOCK_CAPTURE_AUTORELEASING = YES;
				CLANG_WARN_BOOL_CONVERSION = YES;
				CLANG_WARN_COMMA = YES;
				CLANG_WARN_CONSTANT_CONVERSION = YES;
				CLANG_WARN_DEPRECATED_OBJC_IMPLEMENTATIONS = YES;
				CLANG_WARN_DIRECT_OBJC_ISA_USAGE = YES_ERROR;
				CLANG_WARN_DOCUMENTATION_COMMENTS = YES;
				CLANG_WARN_EMPTY_BODY = YES;
				CLANG_WARN_ENUM_CONVERSION = YES;
				CLANG_WARN_INFINITE_RECURSION = YES;
				CLANG_WARN_INT_CONVERSION = YES;
				CLANG_WARN_NON_LITERAL_NULL_CONVERSION = YES;
				CLANG_WARN_OBJC_IMPLICIT_RETAIN_SELF = YES;
				CLANG_WARN_OBJC_LITERAL_CONVERSION = YES;
				CLANG_WARN_OBJC_ROOT_CLASS = YES_ERROR;
				CLANG_WARN_RANGE_LOOP_ANALYSIS = YES;
				CLANG_WARN_STRICT_PROTOTYPES = YES;
				CLANG_WARN_SUSPICIOUS_MOVE = YES;
				CLANG_WARN_UNGUARDED_AVAILABILITY = YES_AGGRESSIVE;
				CLANG_WARN_UNREACHABLE_CODE = YES;
				CLANG_WARN__DUPLICATE_METHOD_MATCH = YES;
				COPY_PHASE_STRIP = NO;
				DEBUG_INFORMATION_FORMAT = "dwarf-with-dsym";
				ENABLE_NS_ASSERTIONS = NO;
				ENABLE_STRICT_OBJC_MSGSEND = YES;
				GCC_C_LANGUAGE_STANDARD = gnu11;
				GCC_NO_COMMON_BLOCKS = YES;
				GCC_WARN_64_TO_32_BIT_CONVERSION = YES;
				GCC_WARN_ABOUT_RETURN_TYPE = YES_ERROR;
				GCC_WARN_UNDECLARED_SELECTOR = YES;
				GCC_WARN_UNINITIALIZED_AUTOS = YES_AGGRESSIVE;
				GCC_WARN_UNUSED_FUNCTION = YES;
				GCC_WARN_UNUSED_VARIABLE = YES;
				IPHONEOS_DEPLOYMENT_TARGET = 13.5;
				MTL_ENABLE_DEBUG_INFO = NO;
				MTL_FAST_MATH = YES;
				SDKROOT = iphoneos;
				SWIFT_COMPILATION_MODE = wholemodule;
				SWIFT_OPTIMIZATION_LEVEL = "-O";
				VALIDATE_PRODUCT = YES;
			};
			name = Release;
		};
		45A05C7B2625DAC200E97796 /* Debug */ = {
			isa = XCBuildConfiguration;
			buildSettings = {
				ASSETCATALOG_COMPILER_APPICON_NAME = AppIcon;
				CODE_SIGN_STYLE = Automatic;
				INFOPLIST_FILE = Final_Project_App/Info.plist;
				LD_RUNPATH_SEARCH_PATHS = (
					"$(inherited)",
					"@executable_path/Frameworks",
				);
				PRODUCT_BUNDLE_IDENTIFIER = "com.ttn.Final-Project-App";
				PRODUCT_NAME = "$(TARGET_NAME)";
				SWIFT_VERSION = 5.0;
				TARGETED_DEVICE_FAMILY = "1,2";
			};
			name = Debug;
		};
		45A05C7C2625DAC200E97796 /* Release */ = {
			isa = XCBuildConfiguration;
			buildSettings = {
				ASSETCATALOG_COMPILER_APPICON_NAME = AppIcon;
				CODE_SIGN_STYLE = Automatic;
				INFOPLIST_FILE = Final_Project_App/Info.plist;
				LD_RUNPATH_SEARCH_PATHS = (
					"$(inherited)",
					"@executable_path/Frameworks",
				);
				PRODUCT_BUNDLE_IDENTIFIER = "com.ttn.Final-Project-App";
				PRODUCT_NAME = "$(TARGET_NAME)";
				SWIFT_VERSION = 5.0;
				TARGETED_DEVICE_FAMILY = "1,2";
			};
			name = Release;
		};
		45A05C7E2625DAC200E97796 /* Debug */ = {
			isa = XCBuildConfiguration;
			buildSettings = {
				ALWAYS_EMBED_SWIFT_STANDARD_LIBRARIES = YES;
				BUNDLE_LOADER = "$(TEST_HOST)";
				CODE_SIGN_STYLE = Automatic;
				INFOPLIST_FILE = Final_Project_AppTests/Info.plist;
				IPHONEOS_DEPLOYMENT_TARGET = 13.5;
				LD_RUNPATH_SEARCH_PATHS = (
					"$(inherited)",
					"@executable_path/Frameworks",
					"@loader_path/Frameworks",
				);
				PRODUCT_BUNDLE_IDENTIFIER = "com.ttn.Final-Project-AppTests";
				PRODUCT_NAME = "$(TARGET_NAME)";
				SWIFT_VERSION = 5.0;
				TARGETED_DEVICE_FAMILY = "1,2";
				TEST_HOST = "$(BUILT_PRODUCTS_DIR)/Final_Project_App.app/Final_Project_App";
			};
			name = Debug;
		};
		45A05C7F2625DAC200E97796 /* Release */ = {
			isa = XCBuildConfiguration;
			buildSettings = {
				ALWAYS_EMBED_SWIFT_STANDARD_LIBRARIES = YES;
				BUNDLE_LOADER = "$(TEST_HOST)";
				CODE_SIGN_STYLE = Automatic;
				INFOPLIST_FILE = Final_Project_AppTests/Info.plist;
				IPHONEOS_DEPLOYMENT_TARGET = 13.5;
				LD_RUNPATH_SEARCH_PATHS = (
					"$(inherited)",
					"@executable_path/Frameworks",
					"@loader_path/Frameworks",
				);
				PRODUCT_BUNDLE_IDENTIFIER = "com.ttn.Final-Project-AppTests";
				PRODUCT_NAME = "$(TARGET_NAME)";
				SWIFT_VERSION = 5.0;
				TARGETED_DEVICE_FAMILY = "1,2";
				TEST_HOST = "$(BUILT_PRODUCTS_DIR)/Final_Project_App.app/Final_Project_App";
			};
			name = Release;
		};
		45A05C812625DAC200E97796 /* Debug */ = {
			isa = XCBuildConfiguration;
			buildSettings = {
				ALWAYS_EMBED_SWIFT_STANDARD_LIBRARIES = YES;
				CODE_SIGN_STYLE = Automatic;
				INFOPLIST_FILE = Final_Project_AppUITests/Info.plist;
				LD_RUNPATH_SEARCH_PATHS = (
					"$(inherited)",
					"@executable_path/Frameworks",
					"@loader_path/Frameworks",
				);
				PRODUCT_BUNDLE_IDENTIFIER = "com.ttn.Final-Project-AppUITests";
				PRODUCT_NAME = "$(TARGET_NAME)";
				SWIFT_VERSION = 5.0;
				TARGETED_DEVICE_FAMILY = "1,2";
				TEST_TARGET_NAME = Final_Project_App;
			};
			name = Debug;
		};
		45A05C822625DAC200E97796 /* Release */ = {
			isa = XCBuildConfiguration;
			buildSettings = {
				ALWAYS_EMBED_SWIFT_STANDARD_LIBRARIES = YES;
				CODE_SIGN_STYLE = Automatic;
				INFOPLIST_FILE = Final_Project_AppUITests/Info.plist;
				LD_RUNPATH_SEARCH_PATHS = (
					"$(inherited)",
					"@executable_path/Frameworks",
					"@loader_path/Frameworks",
				);
				PRODUCT_BUNDLE_IDENTIFIER = "com.ttn.Final-Project-AppUITests";
				PRODUCT_NAME = "$(TARGET_NAME)";
				SWIFT_VERSION = 5.0;
				TARGETED_DEVICE_FAMILY = "1,2";
				TEST_TARGET_NAME = Final_Project_App;
			};
			name = Release;
		};
/* End XCBuildConfiguration section */

/* Begin XCConfigurationList section */
		45A05C482625DAC100E97796 /* Build configuration list for PBXProject "Final_Project_App" */ = {
			isa = XCConfigurationList;
			buildConfigurations = (
				45A05C782625DAC200E97796 /* Debug */,
				45A05C792625DAC200E97796 /* Release */,
			);
			defaultConfigurationIsVisible = 0;
			defaultConfigurationName = Release;
		};
		45A05C7A2625DAC200E97796 /* Build configuration list for PBXNativeTarget "Final_Project_App" */ = {
			isa = XCConfigurationList;
			buildConfigurations = (
				45A05C7B2625DAC200E97796 /* Debug */,
				45A05C7C2625DAC200E97796 /* Release */,
			);
			defaultConfigurationIsVisible = 0;
			defaultConfigurationName = Release;
		};
		45A05C7D2625DAC200E97796 /* Build configuration list for PBXNativeTarget "Final_Project_AppTests" */ = {
			isa = XCConfigurationList;
			buildConfigurations = (
				45A05C7E2625DAC200E97796 /* Debug */,
				45A05C7F2625DAC200E97796 /* Release */,
			);
			defaultConfigurationIsVisible = 0;
			defaultConfigurationName = Release;
		};
		45A05C802625DAC200E97796 /* Build configuration list for PBXNativeTarget "Final_Project_AppUITests" */ = {
			isa = XCConfigurationList;
			buildConfigurations = (
				45A05C812625DAC200E97796 /* Debug */,
				45A05C822625DAC200E97796 /* Release */,
			);
			defaultConfigurationIsVisible = 0;
			defaultConfigurationName = Release;
		};
/* End XCConfigurationList section */

/* Begin XCVersionGroup section */
		45A05C592625DAC100E97796 /* Final_Project_App.xcdatamodeld */ = {
			isa = XCVersionGroup;
			children = (
				45A05C5A2625DAC100E97796 /* Final_Project_App.xcdatamodel */,
			);
			currentVersion = 45A05C5A2625DAC100E97796 /* Final_Project_App.xcdatamodel */;
			path = Final_Project_App.xcdatamodeld;
			sourceTree = "<group>";
			versionGroupType = wrapper.xcdatamodel;
		};
/* End XCVersionGroup section */
	};
	rootObject = 45A05C452625DAC100E97796 /* Project object */;
}
